
Microsoft Visual Studio Solution File, Format Version 12.00
# Visual Studio 15
Project("{FAE04EC0-301F-11D3-BF4B-00C04F79EFBC}") = "Assembly-CSharp", "Assembly-CSharp.csproj", "{0AAA2FE3-C26B-4178-8723-823A2E088C69}"
EndProject
Project("{FAE04EC0-301F-11D3-BF4B-00C04F79EFBC}") = "Assembly-CSharp-Editor", "Assembly-CSharp-Editor.csproj", "{9669DB21-CC69-AD57-AD2D-07A04E5928BC}"
EndProject
Global
	GlobalSection(SolutionConfigurationPlatforms) = preSolution
		Debug|Any CPU = Debug|Any CPU
		Release|Any CPU = Release|Any CPU
	EndGlobalSection
	GlobalSection(ProjectConfigurationPlatforms) = postSolution
		{0AAA2FE3-C26B-4178-8723-823A2E088C69}.Debug|Any CPU.ActiveCfg = Debug|Any CPU
		{0AAA2FE3-C26B-4178-8723-823A2E088C69}.Debug|Any CPU.Build.0 = Debug|Any CPU
		{0AAA2FE3-C26B-4178-8723-823A2E088C69}.Release|Any CPU.ActiveCfg = Release|Any CPU
		{0AAA2FE3-C26B-4178-8723-823A2E088C69}.Release|Any CPU.Build.0 = Release|Any CPU
		{9669DB21-CC69-AD57-AD2D-07A04E5928BC}.Debug|Any CPU.ActiveCfg = Debug|Any CPU
		{9669DB21-CC69-AD57-AD2D-07A04E5928BC}.Debug|Any CPU.Build.0 = Debug|Any CPU
		{9669DB21-CC69-AD57-AD2D-07A04E5928BC}.Release|Any CPU.ActiveCfg = Release|Any CPU
		{9669DB21-CC69-AD57-AD2D-07A04E5928BC}.Release|Any CPU.Build.0 = Release|Any CPU
	EndGlobalSection
	GlobalSection(SolutionProperties) = preSolution
		HideSolutionNode = FALSE
	EndGlobalSection
EndGlobal
